
Microsoft Visual Studio Solution File, Format Version 12.00
# Visual Studio Version 17
VisualStudioVersion = 17.8.34511.84
MinimumVisualStudioVersion = 10.0.40219.1
Project("{9A19103F-16F7-4668-BE54-9A1E7A4F7556}") = "ShopProjectG1", "ShopProjectG1\ShopProjectG1.csproj", "{132C5536-244C-46DE-9C23-29362588C9D1}"
EndProject
Project("{FAE04EC0-301F-11D3-BF4B-00C04F79EFBC}") = "Devsharp.Core", "Devsharp.Core\Devsharp.Core.csproj", "{98505C46-7EA0-48BA-AD83-83BDA9555659}"
EndProject
Project("{FAE04EC0-301F-11D3-BF4B-00C04F79EFBC}") = "Devsharp.Data", "Devsharp.Data\Devsharp.Data.csproj", "{88EC591C-D445-474E-9B74-466F9ABFB765}"
EndProject
Project("{FAE04EC0-301F-11D3-BF4B-00C04F79EFBC}") = "Devsharp.Framework", "Devsharp.Framework\Devsharp.Framework.csproj", "{45F13685-A089-4A21-83FB-B08326DFB7D3}"
EndProject
Project("{FAE04EC0-301F-11D3-BF4B-00C04F79EFBC}") = "Devsharp.Services", "Devsharp.Services\Devsharp.Services.csproj", "{55C5F423-F305-40BE-B0BD-03D5C3025C93}"
EndProject
Global
	GlobalSection(SolutionConfigurationPlatforms) = preSolution
		Debug|Any CPU = Debug|Any CPU
		Release|Any CPU = Release|Any CPU
	EndGlobalSection
	GlobalSection(ProjectConfigurationPlatforms) = postSolution
		{132C5536-244C-46DE-9C23-29362588C9D1}.Debug|Any CPU.ActiveCfg = Debug|Any CPU
		{132C5536-244C-46DE-9C23-29362588C9D1}.Debug|Any CPU.Build.0 = Debug|Any CPU
		{132C5536-244C-46DE-9C23-29362588C9D1}.Release|Any CPU.ActiveCfg = Release|Any CPU
		{132C5536-244C-46DE-9C23-29362588C9D1}.Release|Any CPU.Build.0 = Release|Any CPU
		{98505C46-7EA0-48BA-AD83-83BDA9555659}.Debug|Any CPU.ActiveCfg = Debug|Any CPU
		{98505C46-7EA0-48BA-AD83-83BDA9555659}.Debug|Any CPU.Build.0 = Debug|Any CPU
		{98505C46-7EA0-48BA-AD83-83BDA9555659}.Release|Any CPU.ActiveCfg = Release|Any CPU
		{98505C46-7EA0-48BA-AD83-83BDA9555659}.Release|Any CPU.Build.0 = Release|Any CPU
		{88EC591C-D445-474E-9B74-466F9ABFB765}.Debug|Any CPU.ActiveCfg = Debug|Any CPU
		{88EC591C-D445-474E-9B74-466F9ABFB765}.Debug|Any CPU.Build.0 = Debug|Any CPU
		{88EC591C-D445-474E-9B74-466F9ABFB765}.Release|Any CPU.ActiveCfg = Release|Any CPU
		{88EC591C-D445-474E-9B74-466F9ABFB765}.Release|Any CPU.Build.0 = Release|Any CPU
		{45F13685-A089-4A21-83FB-B08326DFB7D3}.Debug|Any CPU.ActiveCfg = Debug|Any CPU
		{45F13685-A089-4A21-83FB-B08326DFB7D3}.Debug|Any CPU.Build.0 = Debug|Any CPU
		{45F13685-A089-4A21-83FB-B08326DFB7D3}.Release|Any CPU.ActiveCfg = Release|Any CPU
		{45F13685-A089-4A21-83FB-B08326DFB7D3}.Release|Any CPU.Build.0 = Release|Any CPU
		{55C5F423-F305-40BE-B0BD-03D5C3025C93}.Debug|Any CPU.ActiveCfg = Debug|Any CPU
		{55C5F423-F305-40BE-B0BD-03D5C3025C93}.Debug|Any CPU.Build.0 = Debug|Any CPU
		{55C5F423-F305-40BE-B0BD-03D5C3025C93}.Release|Any CPU.ActiveCfg = Release|Any CPU
		{55C5F423-F305-40BE-B0BD-03D5C3025C93}.Release|Any CPU.Build.0 = Release|Any CPU
	EndGlobalSection
	GlobalSection(SolutionProperties) = preSolution
		HideSolutionNode = FALSE
	EndGlobalSection
	GlobalSection(ExtensibilityGlobals) = postSolution
		SolutionGuid = {3A502C09-11AE-44B0-9501-0F143D5C82AB}
	EndGlobalSection
EndGlobal
